
Microsoft Visual Studio Solution File, Format Version 12.00
# Visual Studio Version 17
VisualStudioVersion = 17.9.34728.123
MinimumVisualStudioVersion = 10.0.40219.1
Project("{8BC9CEB8-8B4A-11D0-8D11-00A0C91BC942}") = "Console", "Console\Console.vcxproj", "{BA9E8DC7-5CFD-4837-AF10-956997F6A6BE}"
EndProject
Project("{8BC9CEB8-8B4A-11D0-8D11-00A0C91BC942}") = "Window", "Window\Window.vcxproj", "{220632A1-ED1A-4A49-87C7-F310A65555AD}"
EndProject
Project("{8BC9CEB8-8B4A-11D0-8D11-00A0C91BC942}") = "Test2048", "Test2048\Test2048.vcxproj", "{4EA2AEB6-3E0E-4269-A955-BAAF2687F37A}"
EndProject
Project("{2150E333-8FDC-42A3-9474-1A3956D46DE8}") = "Images", "Images", "{98417CBC-9DEF-432F-9AA2-E61D582A7150}"
	ProjectSection(SolutionItems) = preProject
		Images\Capture1.PNG = Images\Capture1.PNG
		Images\Capture2.PNG = Images\Capture2.PNG
		Images\Capture3.PNG = Images\Capture3.PNG
		Images\Capture4.PNG = Images\Capture4.PNG
		Images\Capture5.PNG = Images\Capture5.PNG
	EndProjectSection
EndProject
Global
	GlobalSection(SolutionConfigurationPlatforms) = preSolution
		Debug|x64 = Debug|x64
		Debug|x86 = Debug|x86
		Release|x64 = Release|x64
		Release|x86 = Release|x86
	EndGlobalSection
	GlobalSection(ProjectConfigurationPlatforms) = postSolution
		{BA9E8DC7-5CFD-4837-AF10-956997F6A6BE}.Debug|x64.ActiveCfg = Debug|x64
		{BA9E8DC7-5CFD-4837-AF10-956997F6A6BE}.Debug|x64.Build.0 = Debug|x64
		{BA9E8DC7-5CFD-4837-AF10-956997F6A6BE}.Debug|x86.ActiveCfg = Debug|Win32
		{BA9E8DC7-5CFD-4837-AF10-956997F6A6BE}.Debug|x86.Build.0 = Debug|Win32
		{BA9E8DC7-5CFD-4837-AF10-956997F6A6BE}.Release|x64.ActiveCfg = Release|x64
		{BA9E8DC7-5CFD-4837-AF10-956997F6A6BE}.Release|x64.Build.0 = Release|x64
		{BA9E8DC7-5CFD-4837-AF10-956997F6A6BE}.Release|x86.ActiveCfg = Release|Win32
		{BA9E8DC7-5CFD-4837-AF10-956997F6A6BE}.Release|x86.Build.0 = Release|Win32
		{220632A1-ED1A-4A49-87C7-F310A65555AD}.Debug|x64.ActiveCfg = Debug|x64
		{220632A1-ED1A-4A49-87C7-F310A65555AD}.Debug|x64.Build.0 = Debug|x64
		{220632A1-ED1A-4A49-87C7-F310A65555AD}.Debug|x86.ActiveCfg = Debug|Win32
		{220632A1-ED1A-4A49-87C7-F310A65555AD}.Debug|x86.Build.0 = Debug|Win32
		{220632A1-ED1A-4A49-87C7-F310A65555AD}.Release|x64.ActiveCfg = Release|x64
		{220632A1-ED1A-4A49-87C7-F310A65555AD}.Release|x64.Build.0 = Release|x64
		{220632A1-ED1A-4A49-87C7-F310A65555AD}.Release|x86.ActiveCfg = Release|Win32
		{220632A1-ED1A-4A49-87C7-F310A65555AD}.Release|x86.Build.0 = Release|Win32
		{4EA2AEB6-3E0E-4269-A955-BAAF2687F37A}.Debug|x64.ActiveCfg = Debug|x64
		{4EA2AEB6-3E0E-4269-A955-BAAF2687F37A}.Debug|x64.Build.0 = Debug|x64
		{4EA2AEB6-3E0E-4269-A955-BAAF2687F37A}.Debug|x86.ActiveCfg = Debug|Win32
		{4EA2AEB6-3E0E-4269-A955-BAAF2687F37A}.Debug|x86.Build.0 = Debug|Win32
		{4EA2AEB6-3E0E-4269-A955-BAAF2687F37A}.Release|x64.ActiveCfg = Release|x64
		{4EA2AEB6-3E0E-4269-A955-BAAF2687F37A}.Release|x64.Build.0 = Release|x64
		{4EA2AEB6-3E0E-4269-A955-BAAF2687F37A}.Release|x86.ActiveCfg = Release|Win32
		{4EA2AEB6-3E0E-4269-A955-BAAF2687F37A}.Release|x86.Build.0 = Release|Win32
	EndGlobalSection
	GlobalSection(SolutionProperties) = preSolution
		HideSolutionNode = FALSE
	EndGlobalSection
	GlobalSection(ExtensibilityGlobals) = postSolution
		SolutionGuid = {2A3A1936-332B-4E35-83B8-B989C03822B8}
	EndGlobalSection
EndGlobal
